{
  "version": "4",
  "specifiers": {
    "jsr:@std/assert@1": "1.0.11",
    "jsr:@std/cli@*": "1.0.12",
    "jsr:@std/cli@^1.0.12": "1.0.12",
    "jsr:@std/internal@^1.0.5": "1.0.5",
    "npm:@trigger.dev/sdk@*": "3.3.16_zod@3.24.2",
    "npm:@trigger.dev/sdk@^3.3.16": "3.3.16_zod@3.24.2",
    "npm:@types/node@*": "22.5.4",
    "npm:commander@*": "13.1.0",
    "npm:commander@^13.1.0": "13.1.0"
  },
  "jsr": {
    "@std/assert@1.0.11": {
      "integrity": "2461ef3c368fe88bc60e186e7744a93112f16fd110022e113a0849e94d1c83c1",
      "dependencies": [
        "jsr:@std/internal"
      ]
    },
    "@std/cli@1.0.12": {
      "integrity": "e5cfb7814d189da174ecd7a34fbbd63f3513e24a1b307feb2fcd5da47a070d90"
    },
    "@std/internal@1.0.5": {
      "integrity": "54a546004f769c1ac9e025abd15a76b6671ddc9687e2313b67376125650dc7ba"
    }
  },
  "npm": {
    "@electric-sql/client@1.0.0-beta.1": {
      "integrity": "sha512-Ei9jN3pDoGzc+a/bGqnB5ajb52IvSv7/n2btuyzUlcOHIR2kM9fqtYTJXPwZYKLkGZlHWlpHgWyRtrinkP2nHg==",
      "dependencies": [
        "@rollup/rollup-darwin-arm64"
      ]
    },
    "@google-cloud/precise-date@4.0.0": {
      "integrity": "sha512-1TUx3KdaU3cN7nfCdNf+UVqA/PSX29Cjcox3fZZBtINlRrXVTmUkQnCKv2MbBUbCopbK4olAT1IHl76uZyCiVA=="
    },
    "@grpc/grpc-js@1.12.6": {
      "integrity": "sha512-JXUj6PI0oqqzTGvKtzOkxtpsyPRNsrmhh41TtIz/zEB6J+AUiZZ0dxWzcMwO9Ns5rmSPuMdghlTbUuqIM48d3Q==",
      "dependencies": [
        "@grpc/proto-loader",
        "@js-sdsl/ordered-map"
      ]
    },
    "@grpc/proto-loader@0.7.13": {
      "integrity": "sha512-AiXO/bfe9bmxBjxxtYxFAXGZvMaN5s8kO+jBHAJCON8rJoB5YS/D6X7ZNc6XQkuHNmyl4CYaMI1fJ/Gn27RGGw==",
      "dependencies": [
        "lodash.camelcase",
        "long",
        "protobufjs",
        "yargs"
      ]
    },
    "@js-sdsl/ordered-map@4.4.2": {
      "integrity": "sha512-iUKgm52T8HOE/makSxjqoWhe95ZJA1/G1sYsGev2JDKUSS14KAgg1LHb+Ba+IPow0xflbnSkOsZcO08C7w1gYw=="
    },
    "@jsonhero/path@1.0.21": {
      "integrity": "sha512-gVUDj/92acpVoJwsVJ/RuWOaHyG4oFzn898WNGQItLCTQ+hOaVlEaImhwE1WqOTf+l3dGOUkbSiVKlb3q1hd1Q=="
    },
    "@opentelemetry/api-logs@0.52.1": {
      "integrity": "sha512-qnSqB2DQ9TPP96dl8cDubDvrUyWc0/sK81xHTK8eSUspzDM3bsewX903qclQFvVhgStjRWdC5bLb3kQqMkfV5A==",
      "dependencies": [
        "@opentelemetry/api"
      ]
    },
    "@opentelemetry/api@1.9.0": {
      "integrity": "sha512-3giAOQvZiH5F9bMlMiv8+GSPMeqg0dbaeo58/0SlA9sxSqZhnUtxzX9/2FzyhS9sWQf5S0GJE0AKBrFqjpeYcg=="
    },
    "@opentelemetry/context-async-hooks@1.25.1_@opentelemetry+api@1.9.0": {
      "integrity": "sha512-UW/ge9zjvAEmRWVapOP0qyCvPulWU6cQxGxDbWEFfGOj1VBBZAuOqTo3X6yWmDTD3Xe15ysCZChHncr2xFMIfQ==",
      "dependencies": [
        "@opentelemetry/api"
      ]
    },
    "@opentelemetry/core@1.25.1_@opentelemetry+api@1.9.0": {
      "integrity": "sha512-GeT/l6rBYWVQ4XArluLVB6WWQ8flHbdb6r2FCHC3smtdOAbrJBIv35tpV/yp9bmYUJf+xmZpu9DRTIeJVhFbEQ==",
      "dependencies": [
        "@opentelemetry/api",
        "@opentelemetry/semantic-conventions"
      ]
    },
    "@opentelemetry/exporter-logs-otlp-http@0.52.1_@opentelemetry+api@1.9.0": {
      "integrity": "sha512-qKgywId2DbdowPZpOBXQKp0B8DfhfIArmSic15z13Nk/JAOccBUQdPwDjDnjsM5f0ckZFMVR2t/tijTUAqDZoA==",
      "dependencies": [
        "@opentelemetry/api",
        "@opentelemetry/api-logs",
        "@opentelemetry/core",
        "@opentelemetry/otlp-exporter-base",
        "@opentelemetry/otlp-transformer",
        "@opentelemetry/sdk-logs"
      ]
    },
    "@opentelemetry/exporter-trace-otlp-grpc@0.52.1_@opentelemetry+api@1.9.0": {
      "integrity": "sha512-pVkSH20crBwMTqB3nIN4jpQKUEoB0Z94drIHpYyEqs7UBr+I0cpYyOR3bqjA/UasQUMROb3GX8ZX4/9cVRqGBQ==",
      "dependencies": [
        "@grpc/grpc-js",
        "@opentelemetry/api",
        "@opentelemetry/core",
        "@opentelemetry/otlp-grpc-exporter-base",
        "@opentelemetry/otlp-transformer",
        "@opentelemetry/resources",
        "@opentelemetry/sdk-trace-base"
      ]
    },
    "@opentelemetry/exporter-trace-otlp-http@0.52.1_@opentelemetry+api@1.9.0": {
      "integrity": "sha512-05HcNizx0BxcFKKnS5rwOV+2GevLTVIRA0tRgWYyw4yCgR53Ic/xk83toYKts7kbzcI+dswInUg/4s8oyA+tqg==",
      "dependencies": [
        "@opentelemetry/api",
        "@opentelemetry/core",
        "@opentelemetry/otlp-exporter-base",
        "@opentelemetry/otlp-transformer",
        "@opentelemetry/resources",
        "@opentelemetry/sdk-trace-base"
      ]
    },
    "@opentelemetry/exporter-trace-otlp-proto@0.52.1_@opentelemetry+api@1.9.0": {
      "integrity": "sha512-pt6uX0noTQReHXNeEslQv7x311/F1gJzMnp1HD2qgypLRPbXDeMzzeTngRTUaUbP6hqWNtPxuLr4DEoZG+TcEQ==",
      "dependencies": [
        "@opentelemetry/api",
        "@opentelemetry/core",
        "@opentelemetry/otlp-exporter-base",
        "@opentelemetry/otlp-transformer",
        "@opentelemetry/resources",
        "@opentelemetry/sdk-trace-base"
      ]
    },
    "@opentelemetry/exporter-zipkin@1.25.1_@opentelemetry+api@1.9.0": {
      "integrity": "sha512-RmOwSvkimg7ETwJbUOPTMhJm9A9bG1U8s7Zo3ajDh4zM7eYcycQ0dM7FbLD6NXWbI2yj7UY4q8BKinKYBQksyw==",
      "dependencies": [
        "@opentelemetry/api",
        "@opentelemetry/core",
        "@opentelemetry/resources",
        "@opentelemetry/sdk-trace-base",
        "@opentelemetry/semantic-conventions"
      ]
    },
    "@opentelemetry/instrumentation@0.52.1_@opentelemetry+api@1.9.0": {
      "integrity": "sha512-uXJbYU/5/MBHjMp1FqrILLRuiJCs3Ofk0MeRDk8g1S1gD47U8X3JnSwcMO1rtRo1x1a7zKaQHaoYu49p/4eSKw==",
      "dependencies": [
        "@opentelemetry/api",
        "@opentelemetry/api-logs",
        "@types/shimmer",
        "import-in-the-middle",
        "require-in-the-middle",
        "semver",
        "shimmer"
      ]
    },
    "@opentelemetry/otlp-exporter-base@0.52.1_@opentelemetry+api@1.9.0": {
      "integrity": "sha512-z175NXOtX5ihdlshtYBe5RpGeBoTXVCKPPLiQlD6FHvpM4Ch+p2B0yWKYSrBfLH24H9zjJiBdTrtD+hLlfnXEQ==",
      "dependencies": [
        "@opentelemetry/api",
        "@opentelemetry/core",
        "@opentelemetry/otlp-transformer"
      ]
    },
    "@opentelemetry/otlp-grpc-exporter-base@0.52.1_@opentelemetry+api@1.9.0": {
      "integrity": "sha512-zo/YrSDmKMjG+vPeA9aBBrsQM9Q/f2zo6N04WMB3yNldJRsgpRBeLLwvAt/Ba7dpehDLOEFBd1i2JCoaFtpCoQ==",
      "dependencies": [
        "@grpc/grpc-js",
        "@opentelemetry/api",
        "@opentelemetry/core",
        "@opentelemetry/otlp-exporter-base",
        "@opentelemetry/otlp-transformer"
      ]
    },
    "@opentelemetry/otlp-transformer@0.52.1_@opentelemetry+api@1.9.0": {
      "integrity": "sha512-I88uCZSZZtVa0XniRqQWKbjAUm73I8tpEy/uJYPPYw5d7BRdVk0RfTBQw8kSUl01oVWEuqxLDa802222MYyWHg==",
      "dependencies": [
        "@opentelemetry/api",
        "@opentelemetry/api-logs",
        "@opentelemetry/core",
        "@opentelemetry/resources",
        "@opentelemetry/sdk-logs",
        "@opentelemetry/sdk-metrics",
        "@opentelemetry/sdk-trace-base",
        "protobufjs"
      ]
    },
    "@opentelemetry/propagator-b3@1.25.1_@opentelemetry+api@1.9.0": {
      "integrity": "sha512-p6HFscpjrv7//kE+7L+3Vn00VEDUJB0n6ZrjkTYHrJ58QZ8B3ajSJhRbCcY6guQ3PDjTbxWklyvIN2ojVbIb1A==",
      "dependencies": [
        "@opentelemetry/api",
        "@opentelemetry/core"
      ]
    },
    "@opentelemetry/propagator-jaeger@1.25.1_@opentelemetry+api@1.9.0": {
      "integrity": "sha512-nBprRf0+jlgxks78G/xq72PipVK+4or9Ypntw0gVZYNTCSK8rg5SeaGV19tV920CMqBD/9UIOiFr23Li/Q8tiA==",
      "dependencies": [
        "@opentelemetry/api",
        "@opentelemetry/core"
      ]
    },
    "@opentelemetry/resources@1.25.1_@opentelemetry+api@1.9.0": {
      "integrity": "sha512-pkZT+iFYIZsVn6+GzM0kSX+u3MSLCY9md+lIJOoKl/P+gJFfxJte/60Usdp8Ce4rOs8GduUpSPNe1ddGyDT1sQ==",
      "dependencies": [
        "@opentelemetry/api",
        "@opentelemetry/core",
        "@opentelemetry/semantic-conventions"
      ]
    },
    "@opentelemetry/sdk-logs@0.52.1_@opentelemetry+api@1.9.0": {
      "integrity": "sha512-MBYh+WcPPsN8YpRHRmK1Hsca9pVlyyKd4BxOC4SsgHACnl/bPp4Cri9hWhVm5+2tiQ9Zf4qSc1Jshw9tOLGWQA==",
      "dependencies": [
        "@opentelemetry/api",
        "@opentelemetry/api-logs",
        "@opentelemetry/core",
        "@opentelemetry/resources"
      ]
    },
    "@opentelemetry/sdk-metrics@1.25.1_@opentelemetry+api@1.9.0": {
      "integrity": "sha512-9Mb7q5ioFL4E4dDrc4wC/A3NTHDat44v4I3p2pLPSxRvqUbDIQyMVr9uK+EU69+HWhlET1VaSrRzwdckWqY15Q==",
      "dependencies": [
        "@opentelemetry/api",
        "@opentelemetry/core",
        "@opentelemetry/resources",
        "lodash.merge"
      ]
    },
    "@opentelemetry/sdk-node@0.52.1_@opentelemetry+api@1.9.0": {
      "integrity": "sha512-uEG+gtEr6eKd8CVWeKMhH2olcCHM9dEK68pe0qE0be32BcCRsvYURhHaD1Srngh1SQcnQzZ4TP324euxqtBOJA==",
      "dependencies": [
        "@opentelemetry/api",
        "@opentelemetry/api-logs",
        "@opentelemetry/core",
        "@opentelemetry/exporter-trace-otlp-grpc",
        "@opentelemetry/exporter-trace-otlp-http",
        "@opentelemetry/exporter-trace-otlp-proto",
        "@opentelemetry/exporter-zipkin",
        "@opentelemetry/instrumentation",
        "@opentelemetry/resources",
        "@opentelemetry/sdk-logs",
        "@opentelemetry/sdk-metrics",
        "@opentelemetry/sdk-trace-base",
        "@opentelemetry/sdk-trace-node",
        "@opentelemetry/semantic-conventions"
      ]
    },
    "@opentelemetry/sdk-trace-base@1.25.1_@opentelemetry+api@1.9.0": {
      "integrity": "sha512-C8k4hnEbc5FamuZQ92nTOp8X/diCY56XUTnMiv9UTuJitCzaNNHAVsdm5+HLCdI8SLQsLWIrG38tddMxLVoftw==",
      "dependencies": [
        "@opentelemetry/api",
        "@opentelemetry/core",
        "@opentelemetry/resources",
        "@opentelemetry/semantic-conventions"
      ]
    },
    "@opentelemetry/sdk-trace-node@1.25.1_@opentelemetry+api@1.9.0": {
      "integrity": "sha512-nMcjFIKxnFqoez4gUmihdBrbpsEnAX/Xj16sGvZm+guceYE0NE00vLhpDVK6f3q8Q4VFI5xG8JjlXKMB/SkTTQ==",
      "dependencies": [
        "@opentelemetry/api",
        "@opentelemetry/context-async-hooks",
        "@opentelemetry/core",
        "@opentelemetry/propagator-b3",
        "@opentelemetry/propagator-jaeger",
        "@opentelemetry/sdk-trace-base",
        "semver"
      ]
    },
    "@opentelemetry/semantic-conventions@1.25.1": {
      "integrity": "sha512-ZDjMJJQRlyk8A1KZFCc+bCbsyrn1wTwdNt56F7twdfUfnHUZUq77/WfONCj8p72NZOyP7pNTdUWSTYC3GTbuuQ=="
    },
    "@protobufjs/aspromise@1.1.2": {
      "integrity": "sha512-j+gKExEuLmKwvz3OgROXtrJ2UG2x8Ch2YZUxahh+s1F2HZ+wAceUNLkvy6zKCPVRkU++ZWQrdxsUeQXmcg4uoQ=="
    },
    "@protobufjs/base64@1.1.2": {
      "integrity": "sha512-AZkcAA5vnN/v4PDqKyMR5lx7hZttPDgClv83E//FMNhR2TMcLUhfRUBHCmSl0oi9zMgDDqRUJkSxO3wm85+XLg=="
    },
    "@protobufjs/codegen@2.0.4": {
      "integrity": "sha512-YyFaikqM5sH0ziFZCN3xDC7zeGaB/d0IUb9CATugHWbd1FRFwWwt4ld4OYMPWu5a3Xe01mGAULCdqhMlPl29Jg=="
    },
    "@protobufjs/eventemitter@1.1.0": {
      "integrity": "sha512-j9ednRT81vYJ9OfVuXG6ERSTdEL1xVsNgqpkxMsbIabzSo3goCjDIveeGv5d03om39ML71RdmrGNjG5SReBP/Q=="
    },
    "@protobufjs/fetch@1.1.0": {
      "integrity": "sha512-lljVXpqXebpsijW71PZaCYeIcE5on1w5DlQy5WH6GLbFryLUrBD4932W/E2BSpfRJWseIL4v/KPgBFxDOIdKpQ==",
      "dependencies": [
        "@protobufjs/aspromise",
        "@protobufjs/inquire"
      ]
    },
    "@protobufjs/float@1.0.2": {
      "integrity": "sha512-Ddb+kVXlXst9d+R9PfTIxh1EdNkgoRe5tOX6t01f1lYWOvJnSPDBlG241QLzcyPdoNTsblLUdujGSE4RzrTZGQ=="
    },
    "@protobufjs/inquire@1.1.0": {
      "integrity": "sha512-kdSefcPdruJiFMVSbn801t4vFK7KB/5gd2fYvrxhuJYg8ILrmn9SKSX2tZdV6V+ksulWqS7aXjBcRXl3wHoD9Q=="
    },
    "@protobufjs/path@1.1.2": {
      "integrity": "sha512-6JOcJ5Tm08dOHAbdR3GrvP+yUUfkjG5ePsHYczMFLq3ZmMkAD98cDgcT2iA1lJ9NVwFd4tH/iSSoe44YWkltEA=="
    },
    "@protobufjs/pool@1.1.0": {
      "integrity": "sha512-0kELaGSIDBKvcgS4zkjz1PeddatrjYcmMWOlAuAPwAeccUrPHdUqo/J6LiymHHEiJT5NrF1UVwxY14f+fy4WQw=="
    },
    "@protobufjs/utf8@1.1.0": {
      "integrity": "sha512-Vvn3zZrhQZkkBE8LSuW3em98c0FwgO4nxzv6OdSxPKJIEKY2bGbHn+mhGIPerzI4twdxaP8/0+06HBpwf345Lw=="
    },
    "@rollup/rollup-darwin-arm64@4.34.7": {
      "integrity": "sha512-jq87CjmgL9YIKvs8ybtIC98s/M3HdbqXhllcy9EdLV0yMg1DpxES2gr65nNy7ObNo/vZ/MrOTxt0bE5LinL6mA=="
    },
    "@socket.io/component-emitter@3.1.2": {
      "integrity": "sha512-9BCxFwvbGg/RsZK9tjXd8s4UcwR0MWeFQ1XEKIQVVvAGJyINdrqKMcTRyLoK8Rse1GjzLV9cwjWV1olXRWEXVA=="
    },
    "@trigger.dev/core@3.3.16_@opentelemetry+api@1.9.0_zod@3.23.8": {
      "integrity": "sha512-OCxl9A7QvqLnGlnl195p8lw0pTY7hJQyaY35Sdy2GuYcm28ktwzx3F2Iu3ulgcmDlKQTpf1VZsSA5wP/enRRpQ==",
      "dependencies": [
        "@electric-sql/client",
        "@google-cloud/precise-date",
        "@jsonhero/path",
        "@opentelemetry/api",
        "@opentelemetry/api-logs",
        "@opentelemetry/exporter-logs-otlp-http",
        "@opentelemetry/exporter-trace-otlp-http",
        "@opentelemetry/instrumentation",
        "@opentelemetry/resources",
        "@opentelemetry/sdk-logs",
        "@opentelemetry/sdk-node",
        "@opentelemetry/sdk-trace-base",
        "@opentelemetry/sdk-trace-node",
        "@opentelemetry/semantic-conventions",
        "dequal",
        "eventsource",
        "eventsource-parser",
        "execa",
        "humanize-duration",
        "jose",
        "nanoid",
        "socket.io-client",
        "superjson",
        "zod@3.23.8",
        "zod-error",
        "zod-validation-error"
      ]
    },
    "@trigger.dev/sdk@3.3.16_zod@3.24.2": {
      "integrity": "sha512-vObHP0P5ugyZNKiAOLTD1rWeHKiX97K82aj06HaOceRZxwztbBnuhD3AXAODISvroKguySUcrLDCMOSTpXUung==",
      "dependencies": [
        "@opentelemetry/api",
        "@opentelemetry/api-logs",
        "@opentelemetry/semantic-conventions",
        "@trigger.dev/core",
        "chalk",
        "cronstrue",
        "debug@4.4.0",
        "evt",
        "slug",
        "terminal-link",
        "ulid",
        "uncrypto",
        "uuid",
        "ws@8.18.0",
        "zod@3.24.2"
      ]
    },
    "@types/node@22.13.4": {
      "integrity": "sha512-ywP2X0DYtX3y08eFVx5fNIw7/uIv8hYUKgXoK8oayJlLnKcRfEYCxWMVE1XagUdVtCJlZT1AU4LXEABW+L1Peg==",
      "dependencies": [
        "undici-types@6.20.0"
      ]
    },
    "@types/node@22.5.4": {
      "integrity": "sha512-FDuKUJQm/ju9fT/SeX/6+gBzoPzlVCzfzmGkwKvRHQVxi4BntVbyIwf6a4Xn62mrvndLiml6z/UBXIdEVjQLXg==",
      "dependencies": [
        "undici-types@6.19.8"
      ]
    },
    "@types/shimmer@1.2.0": {
      "integrity": "sha512-UE7oxhQLLd9gub6JKIAhDq06T0F6FnztwMNRvYgjeQSBeMc1ZG/tA47EwfduvkuQS8apbkM/lpLpWsaCeYsXVg=="
    },
    "acorn-import-attributes@1.9.5_acorn@8.14.0": {
      "integrity": "sha512-n02Vykv5uA3eHGM/Z2dQrcD56kL8TyDb2p1+0P83PClMnC/nc+anbQRhIOWnSq4Ke/KvDPrY3C9hDtC/A3eHnQ==",
      "dependencies": [
        "acorn"
      ]
    },
    "acorn@8.14.0": {
      "integrity": "sha512-cl669nCJTZBsL97OF4kUQm5g5hC2uihk0NxY3WENAC0TYdILVkAyHymAntgxGkl7K+t0cXIrH5siy5S4XkFycA=="
    },
    "ansi-escapes@5.0.0": {
      "integrity": "sha512-5GFMVX8HqE/TB+FuBJGuO5XG0WrsA6ptUqoODaT/n9mmUaZFkqnBueB4leqGBCmrUHnCnC4PCZTCd0E7QQ83bA==",
      "dependencies": [
        "type-fest"
      ]
    },
    "ansi-regex@5.0.1": {
      "integrity": "sha512-quJQXlTSUGL2LH9SUXo8VwsY4soanhgo6LNSm84E1LBcE8s3O0wpdiRzyR9z/ZZJMlMWv37qOOb9pdJlMUEKFQ=="
    },
    "ansi-styles@4.3.0": {
      "integrity": "sha512-zbB9rCJAT1rbjiVDb2hqKFHNYLxgtk8NURxZ3IZwD3F6NtxbXZQCnnSi1Lkx+IDohdPlFp222wVALIheZJQSEg==",
      "dependencies": [
        "color-convert"
      ]
    },
    "chalk@5.4.1": {
      "integrity": "sha512-zgVZuo2WcZgfUEmsn6eO3kINexW8RAE4maiQ8QNs8CtpPCSyMiYsULR3HQYkm3w8FIA3SberyMJMSldGsW+U3w=="
    },
    "cjs-module-lexer@1.4.3": {
      "integrity": "sha512-9z8TZaGM1pfswYeXrUpzPrkx8UnWYdhJclsiYMm6x/w5+nN+8Tf/LnAgfLGQCm59qAOxU8WwHEq2vNwF6i4j+Q=="
    },
    "cliui@8.0.1": {
      "integrity": "sha512-BSeNnyus75C4//NQ9gQt1/csTXyo/8Sb+afLAkzAptFuMsod9HFokGNudZpi/oQV73hnVK+sR+5PVRMd+Dr7YQ==",
      "dependencies": [
        "string-width",
        "strip-ansi",
        "wrap-ansi"
      ]
    },
    "color-convert@2.0.1": {
      "integrity": "sha512-RRECPsj7iu/xb5oKYcsFHSppFNnsj/52OVTRKb4zP5onXwVF3zVmmToNcOfGC+CRDpfK/U584fMg38ZHCaElKQ==",
      "dependencies": [
        "color-name"
      ]
    },
    "color-name@1.1.4": {
      "integrity": "sha512-dOy+3AuW3a2wNbZHIuMZpTcgjGuLU/uBL/ubcZF9OXbDo8ff4O8yVp5Bf0efS8uEoYo5q4Fx7dY9OgQGXgAsQA=="
    },
    "commander@13.1.0": {
      "integrity": "sha512-/rFeCpNJQbhSZjGVwO9RFV3xPqbnERS8MmIQzCtD/zl6gpJuV/bMLuN92oG3F7d8oDEHHRrujSXNUr8fpjntKw=="
    },
    "copy-anything@3.0.5": {
      "integrity": "sha512-yCEafptTtb4bk7GLEQoM8KVJpxAfdBJYaXyzQEgQQQgYrZiDp8SJmGKlYza6CYjEDNstAdNdKA3UuoULlEbS6w==",
      "dependencies": [
        "is-what"
      ]
    },
    "cronstrue@2.54.0": {
      "integrity": "sha512-vyp5NklDxA5MjPfQgkn0bA+0vRQe7Q9keX7RPdV6rMgd7LtDvbuKgnT+3T5ZAX16anSP5HmahcRp8mziXsLfaw=="
    },
    "cross-spawn@7.0.6": {
      "integrity": "sha512-uV2QOWP2nWzsy2aMp8aRibhi9dlzF5Hgh5SHaB9OiTGEyDTiJJyx0uy51QXdyWbtAHNua4XJzUKca3OzKUd3vA==",
      "dependencies": [
        "path-key@3.1.1",
        "shebang-command",
        "which"
      ]
    },
    "debug@4.3.7": {
      "integrity": "sha512-Er2nc/H7RrMXZBFCEim6TCmMk02Z8vLC2Rbi1KEBggpo0fS6l0S1nnapwmIi3yW/+GOJap1Krg4w0Hg80oCqgQ==",
      "dependencies": [
        "ms"
      ]
    },
    "debug@4.4.0": {
      "integrity": "sha512-6WTZ/IxCY/T6BALoZHaE4ctp9xm+Z5kY/pzYaCHRFeyVhojxlrm+46y68HA6hr0TcwEssoxNiDEUJQjfPZ/RYA==",
      "dependencies": [
        "ms"
      ]
    },
    "dequal@2.0.3": {
      "integrity": "sha512-0je+qPKHEMohvfRTCEo3CrPG6cAzAYgmzKyxRiYSSDkS6eGJdyVJm7WaYA5ECaAD9wLB2T4EEeymA5aFVcYXCA=="
    },
    "emoji-regex@8.0.0": {
      "integrity": "sha512-MSjYzcWNOA0ewAHpz0MxpYFvwg6yjy1NG3xteoqz644VCo/RPgnr1/GGt+ic3iJTzQ8Eu3TdM14SawnVUmGE6A=="
    },
    "engine.io-client@6.5.4": {
      "integrity": "sha512-GeZeeRjpD2qf49cZQ0Wvh/8NJNfeXkXXcoGh+F77oEAgo9gUHwT1fCRxSNU+YEEaysOJTnsFHmM5oAcPy4ntvQ==",
      "dependencies": [
        "@socket.io/component-emitter",
        "debug@4.3.7",
        "engine.io-parser",
        "ws@8.17.1",
        "xmlhttprequest-ssl"
      ]
    },
    "engine.io-parser@5.2.3": {
      "integrity": "sha512-HqD3yTBfnBxIrbnM1DoD6Pcq8NECnh8d4As1Qgh0z5Gg3jRRIqijury0CL3ghu/edArpUYiYqQiDUQBIs4np3Q=="
    },
    "escalade@3.2.0": {
      "integrity": "sha512-WUj2qlxaQtO4g6Pq5c29GTcWGDyd8itL8zTlipgECz3JesAiiOKotd8JU6otB3PACgG6xkJUyVhboMS+bje/jA=="
    },
    "eventsource-parser@3.0.0": {
      "integrity": "sha512-T1C0XCUimhxVQzW4zFipdx0SficT651NnkR0ZSH3yQwh+mFMdLfgjABVi4YtMTtaL4s168593DaoaRLMqryavA=="
    },
    "eventsource@3.0.5": {
      "integrity": "sha512-LT/5J605bx5SNyE+ITBDiM3FxffBiq9un7Vx0EwMDM3vg8sWKx/tO2zC+LMqZ+smAM0F2hblaDZUVZF0te2pSw==",
      "dependencies": [
        "eventsource-parser"
      ]
    },
    "evt@2.5.9": {
      "integrity": "sha512-GpjX476FSlttEGWHT8BdVMoI8wGXQGbEOtKcP4E+kggg+yJzXBZN2n4x7TS/zPBJ1DZqWI+rguZZApjjzQ0HpA==",
      "dependencies": [
        "minimal-polyfills",
        "run-exclusive",
        "tsafe"
      ]
    },
    "execa@8.0.1": {
      "integrity": "sha512-VyhnebXciFV2DESc+p6B+y0LjSm0krU4OgJN44qFAhBY0TJ+1V61tYD2+wHusZ6F9n5K+vl8k0sTy7PEfV4qpg==",
      "dependencies": [
        "cross-spawn",
        "get-stream",
        "human-signals",
        "is-stream",
        "merge-stream",
        "npm-run-path",
        "onetime",
        "signal-exit",
        "strip-final-newline"
      ]
    },
    "function-bind@1.1.2": {
      "integrity": "sha512-7XHNxH7qX9xG5mIwxkhumTox/MIRNcOgDrxWsMt2pAr23WHp6MrRlN7FBSFpCpr+oVO0F744iUgR82nJMfG2SA=="
    },
    "get-caller-file@2.0.5": {
      "integrity": "sha512-DyFP3BM/3YHTQOCUL/w0OZHR0lpKeGrxotcHWcqNEdnltqFwXVfhEBQ94eIo34AfQpo0rGki4cyIiftY06h2Fg=="
    },
    "get-stream@8.0.1": {
      "integrity": "sha512-VaUJspBffn/LMCJVoMvSAdmscJyS1auj5Zulnn5UoYcY531UWmdwhRWkcGKnGU93m5HSXP9LP2usOryrBtQowA=="
    },
    "has-flag@4.0.0": {
      "integrity": "sha512-EykJT/Q1KjTWctppgIAgfSO0tKVuZUjhgMr17kqTumMl6Afv3EISleU7qZUzoXDFTAHTDC4NOoG/ZxU3EvlMPQ=="
    },
    "hasown@2.0.2": {
      "integrity": "sha512-0hJU9SCPvmMzIBdZFqNPXWa6dqh7WdH0cII9y+CyS8rG3nL48Bclra9HmKhVVUHyPWNH5Y7xDwAB7bfgSjkUMQ==",
      "dependencies": [
        "function-bind"
      ]
    },
    "human-signals@5.0.0": {
      "integrity": "sha512-AXcZb6vzzrFAUE61HnN4mpLqd/cSIwNQjtNWR0euPm6y0iqx3G4gOXaIDdtdDwZmhwe82LA6+zinmW4UBWVePQ=="
    },
    "humanize-duration@3.32.1": {
      "integrity": "sha512-inh5wue5XdfObhu/IGEMiA1nUXigSGcaKNemcbLRKa7jXYGDZXr3LoT9pTIzq2hPEbld7w/qv9h+ikWGz8fL1g=="
    },
    "import-in-the-middle@1.13.0_acorn@8.14.0": {
      "integrity": "sha512-YG86SYDtrL/Yu8JgfWb7kjQ0myLeT1whw6fs/ZHFkXFcbk9zJU9lOCsSJHpvaPumU11nN3US7NW6x1YTk+HrUA==",
      "dependencies": [
        "acorn",
        "acorn-import-attributes",
        "cjs-module-lexer",
        "module-details-from-path"
      ]
    },
    "is-core-module@2.16.1": {
      "integrity": "sha512-UfoeMA6fIJ8wTYFEUjelnaGI67v6+N7qXJEvQuIGa99l4xsCruSYOVSQ0uPANn4dAzm8lkYPaKLrrijLq7x23w==",
      "dependencies": [
        "hasown"
      ]
    },
    "is-fullwidth-code-point@3.0.0": {
      "integrity": "sha512-zymm5+u+sCsSWyD9qNaejV3DFvhCKclKdizYaJUuHA83RLjb7nSuGnddCHGv0hk+KY7BMAlsWeK4Ueg6EV6XQg=="
    },
    "is-stream@3.0.0": {
      "integrity": "sha512-LnQR4bZ9IADDRSkvpqMGvt/tEJWclzklNgSw48V5EAaAeDd6qGvN8ei6k5p0tvxSR171VmGyHuTiAOfxAbr8kA=="
    },
    "is-what@4.1.16": {
      "integrity": "sha512-ZhMwEosbFJkA0YhFnNDgTM4ZxDRsS6HqTo7qsZM08fehyRYIYa0yHu5R6mgo1n/8MgaPBXiPimPD77baVFYg+A=="
    },
    "isexe@2.0.0": {
      "integrity": "sha512-RHxMLp9lnKHGHRng9QFhRCMbYAcVpn69smSGcq3f36xjgVVWThj4qqLbTLlq7Ssj8B+fIQ1EuCEGI2lKsyQeIw=="
    },
    "jose@5.9.6": {
      "integrity": "sha512-AMlnetc9+CV9asI19zHmrgS/WYsWUwCn2R7RzlbJWD7F9eWYUTGyBmU9o6PxngtLGOiDGPRu+Uc4fhKzbpteZQ=="
    },
    "lodash.camelcase@4.3.0": {
      "integrity": "sha512-TwuEnCnxbc3rAvhf/LbG7tJUDzhqXyFnv3dtzLOPgCG/hODL7WFnsbwktkD7yUV0RrreP/l1PALq/YSg6VvjlA=="
    },
    "lodash.merge@4.6.2": {
      "integrity": "sha512-0KpjqXRVvrYyCsX1swR/XTK0va6VQkQM6MNo7PqW77ByjAhoARA8EfrP1N4+KlKj8YS0ZUCtRT/YUuhyYDujIQ=="
    },
    "long@5.3.0": {
      "integrity": "sha512-5vvY5yF1zF/kXk+L94FRiTDa1Znom46UjPCH6/XbSvS8zBKMFBHTJk8KDMqJ+2J6QezQFi7k1k8v21ClJYHPaw=="
    },
    "merge-stream@2.0.0": {
      "integrity": "sha512-abv/qOcuPfk3URPfDzmZU1LKmuw8kT+0nIHvKrKgFrwifol/doWcdA4ZqsWQ8ENrFKkd67Mfpo/LovbIUsbt3w=="
    },
    "mimic-fn@4.0.0": {
      "integrity": "sha512-vqiC06CuhBTUdZH+RYl8sFrL096vA45Ok5ISO6sE/Mr1jRbGH4Csnhi8f3wKVl7x8mO4Au7Ir9D3Oyv1VYMFJw=="
    },
    "minimal-polyfills@2.2.3": {
      "integrity": "sha512-oxdmJ9cL+xV72h0xYxp4tP2d5/fTBpP45H8DIOn9pASuF8a3IYTf+25fMGDYGiWW+MFsuog6KD6nfmhZJQ+uUw=="
    },
    "module-details-from-path@1.0.3": {
      "integrity": "sha512-ySViT69/76t8VhE1xXHK6Ch4NcDd26gx0MzKXLO+F7NOtnqH68d9zF94nT8ZWSxXh8ELOERsnJO/sWt1xZYw5A=="
    },
    "ms@2.1.3": {
      "integrity": "sha512-6FlzubTLZG3J2a/NVCAleEhjzq5oxgHyaCU9yYXvcLsvoVaHJq/s5xXI6/XXP6tz7R9xAOtHnSO/tXtF3WRTlA=="
    },
    "nanoid@3.3.8": {
      "integrity": "sha512-WNLf5Sd8oZxOm+TzppcYk8gVOgP+l58xNy58D0nbUnOxOWRWvlcCV4kUF7ltmI6PsrLl/BgKEyS4mqsGChFN0w=="
    },
    "npm-run-path@5.3.0": {
      "integrity": "sha512-ppwTtiJZq0O/ai0z7yfudtBpWIoxM8yE6nHi1X47eFR2EWORqfbu6CnPlNsjeN683eT0qG6H/Pyf9fCcvjnnnQ==",
      "dependencies": [
        "path-key@4.0.0"
      ]
    },
    "onetime@6.0.0": {
      "integrity": "sha512-1FlR+gjXK7X+AsAHso35MnyN5KqGwJRi/31ft6x0M194ht7S+rWAvd7PHss9xSKMzE0asv1pyIHaJYq+BbacAQ==",
      "dependencies": [
        "mimic-fn"
      ]
    },
    "path-key@3.1.1": {
      "integrity": "sha512-ojmeN0qd+y0jszEtoY48r0Peq5dwMEkIlCOu6Q5f41lfkswXuKtYrhgoTpLnyIcHm24Uhqx+5Tqm2InSwLhE6Q=="
    },
    "path-key@4.0.0": {
      "integrity": "sha512-haREypq7xkM7ErfgIyA0z+Bj4AGKlMSdlQE2jvJo6huWD1EdkKYV+G/T4nq0YEF2vgTT8kqMFKo1uHn950r4SQ=="
    },
    "path-parse@1.0.7": {
      "integrity": "sha512-LDJzPVEEEPR+y48z93A0Ed0yXb8pAByGWo/k5YYdYgpY2/2EsOsksJrq7lOHxryrVOn1ejG6oAp8ahvOIQD8sw=="
    },
    "protobufjs@7.4.0": {
      "integrity": "sha512-mRUWCc3KUU4w1jU8sGxICXH/gNS94DvI1gxqDvBzhj1JpcsimQkYiOJfwsPUykUI5ZaspFbSgmBLER8IrQ3tqw==",
      "dependencies": [
        "@protobufjs/aspromise",
        "@protobufjs/base64",
        "@protobufjs/codegen",
        "@protobufjs/eventemitter",
        "@protobufjs/fetch",
        "@protobufjs/float",
        "@protobufjs/inquire",
        "@protobufjs/path",
        "@protobufjs/pool",
        "@protobufjs/utf8",
        "@types/node@22.13.4",
        "long"
      ]
    },
    "require-directory@2.1.1": {
      "integrity": "sha512-fGxEI7+wsG9xrvdjsrlmL22OMTTiHRwAMroiEeMgq8gzoLC/PQr7RsRDSTLUg/bZAZtF+TVIkHc6/4RIKrui+Q=="
    },
    "require-in-the-middle@7.5.1": {
      "integrity": "sha512-fgZEz/t3FDrU9o7EhI+iNNq1pNNpJImOvX72HUd6RoFiw8MaKd8/gR5tLuc8A0G0e55LMbP6ImjnmXY6zrTmjw==",
      "dependencies": [
        "debug@4.4.0",
        "module-details-from-path",
        "resolve"
      ]
    },
    "resolve@1.22.10": {
      "integrity": "sha512-NPRy+/ncIMeDlTAsuqwKIiferiawhefFJtkNSW0qZJEqMEb+qBt/77B/jGeeek+F0uOeN05CDa6HXbbIgtVX4w==",
      "dependencies": [
        "is-core-module",
        "path-parse",
        "supports-preserve-symlinks-flag"
      ]
    },
    "run-exclusive@2.2.19": {
      "integrity": "sha512-K3mdoAi7tjJ/qT7Flj90L7QyPozwUaAG+CVhkdDje4HLKXUYC3N/Jzkau3flHVDLQVhiHBtcimVodMjN9egYbA==",
      "dependencies": [
        "minimal-polyfills"
      ]
    },
    "semver@7.7.1": {
      "integrity": "sha512-hlq8tAfn0m/61p4BVRcPzIGr6LKiMwo4VM6dGi6pt4qcRkmNzTcWq6eCEjEh+qXjkMDvPlOFFSGwQjoEa6gyMA=="
    },
    "shebang-command@2.0.0": {
      "integrity": "sha512-kHxr2zZpYtdmrN1qDjrrX/Z1rR1kG8Dx+gkpK1G4eXmvXswmcE1hTWBWYUzlraYw1/yZp6YuDY77YtvbN0dmDA==",
      "dependencies": [
        "shebang-regex"
      ]
    },
    "shebang-regex@3.0.0": {
      "integrity": "sha512-7++dFhtcx3353uBaq8DDR4NuxBetBzC7ZQOhmTQInHEd6bSrXdiEyzCvG07Z44UYdLShWUyXt5M/yhz8ekcb1A=="
    },
    "shimmer@1.2.1": {
      "integrity": "sha512-sQTKC1Re/rM6XyFM6fIAGHRPVGvyXfgzIDvzoq608vM+jeyVD0Tu1E6Np0Kc2zAIFWIj963V2800iF/9LPieQw=="
    },
    "signal-exit@4.1.0": {
      "integrity": "sha512-bzyZ1e88w9O1iNJbKnOlvYTrWPDl46O1bG0D3XInv+9tkPrxrN8jUUTiFlDkkmKWgn1M6CfIA13SuGqOa9Korw=="
    },
    "slug@6.1.0": {
      "integrity": "sha512-x6vLHCMasg4DR2LPiyFGI0gJJhywY6DTiGhCrOMzb3SOk/0JVLIaL4UhyFSHu04SD3uAavrKY/K3zZ3i6iRcgA=="
    },
    "socket.io-client@4.7.5": {
      "integrity": "sha512-sJ/tqHOCe7Z50JCBCXrsY3I2k03iOiUe+tj1OmKeD2lXPiGH/RUCdTZFoqVyN7l1MnpIzPrGtLcijffmeouNlQ==",
      "dependencies": [
        "@socket.io/component-emitter",
        "debug@4.3.7",
        "engine.io-client",
        "socket.io-parser"
      ]
    },
    "socket.io-parser@4.2.4": {
      "integrity": "sha512-/GbIKmo8ioc+NIWIhwdecY0ge+qVBSMdgxGygevmdHj24bsfgtCmcUUcQ5ZzcylGFHsN3k4HB4Cgkl96KVnuew==",
      "dependencies": [
        "@socket.io/component-emitter",
        "debug@4.3.7"
      ]
    },
    "string-width@4.2.3": {
      "integrity": "sha512-wKyQRQpjJ0sIp62ErSZdGsjMJWsap5oRNihHhu6G7JVO/9jIB6UyevL+tXuOqrng8j/cxKTWyWUwvSTriiZz/g==",
      "dependencies": [
        "emoji-regex",
        "is-fullwidth-code-point",
        "strip-ansi"
      ]
    },
    "strip-ansi@6.0.1": {
      "integrity": "sha512-Y38VPSHcqkFrCpFnQ9vuSXmquuv5oXOKpGeT6aGrr3o3Gc9AlVa6JBfUSOCnbxGGZF+/0ooI7KrPuUSztUdU5A==",
      "dependencies": [
        "ansi-regex"
      ]
    },
    "strip-final-newline@3.0.0": {
      "integrity": "sha512-dOESqjYr96iWYylGObzd39EuNTa5VJxyvVAEm5Jnh7KGo75V43Hk1odPQkNDyXNmUR6k+gEiDVXnjB8HJ3crXw=="
    },
    "superjson@2.2.2": {
      "integrity": "sha512-5JRxVqC8I8NuOUjzBbvVJAKNM8qoVuH0O77h4WInc/qC2q5IreqKxYwgkga3PfA22OayK2ikceb/B26dztPl+Q==",
      "dependencies": [
        "copy-anything"
      ]
    },
    "supports-color@7.2.0": {
      "integrity": "sha512-qpCAvRl9stuOHveKsn7HncJRvv501qIacKzQlO/+Lwxc9+0q2wLyv4Dfvt80/DPn2pqOBsJdDiogXGR9+OvwRw==",
      "dependencies": [
        "has-flag"
      ]
    },
    "supports-hyperlinks@2.3.0": {
      "integrity": "sha512-RpsAZlpWcDwOPQA22aCH4J0t7L8JmAvsCxfOSEwm7cQs3LshN36QaTkwd70DnBOXDWGssw2eUoc8CaRWT0XunA==",
      "dependencies": [
        "has-flag",
        "supports-color"
      ]
    },
    "supports-preserve-symlinks-flag@1.0.0": {
      "integrity": "sha512-ot0WnXS9fgdkgIcePe6RHNk1WA8+muPa6cSjeR3V8K27q9BB1rTE3R1p7Hv0z1ZyAc8s6Vvv8DIyWf681MAt0w=="
    },
    "terminal-link@3.0.0": {
      "integrity": "sha512-flFL3m4wuixmf6IfhFJd1YPiLiMuxEc8uHRM1buzIeZPm22Au2pDqBJQgdo7n1WfPU1ONFGv7YDwpFBmHGF6lg==",
      "dependencies": [
        "ansi-escapes",
        "supports-hyperlinks"
      ]
    },
    "tsafe@1.8.5": {
      "integrity": "sha512-LFWTWQrW6rwSY+IBNFl2ridGfUzVsPwrZ26T4KUJww/py8rzaQ/SY+MIz6YROozpUCaRcuISqagmlwub9YT9kw=="
    },
    "type-fest@1.4.0": {
      "integrity": "sha512-yGSza74xk0UG8k+pLh5oeoYirvIiWo5t0/o3zHHAO2tRDiZcxWP7fywNlXhqb6/r6sWvwi+RsyQMWhVLe4BVuA=="
    },
    "ulid@2.3.0": {
      "integrity": "sha512-keqHubrlpvT6G2wH0OEfSW4mquYRcbe/J8NMmveoQOjUqmo+hXtO+ORCpWhdbZ7k72UtY61BL7haGxW6enBnjw=="
    },
    "uncrypto@0.1.3": {
      "integrity": "sha512-Ql87qFHB3s/De2ClA9e0gsnS6zXG27SkTiSJwjCc9MebbfapQfuPzumMIUMi38ezPZVNFcHI9sUIepeQfw8J8Q=="
    },
    "undici-types@6.19.8": {
      "integrity": "sha512-ve2KP6f/JnbPBFyobGHuerC9g1FYGn/F8n1LWTwNxCEzd6IfqTwUQcNXgEtmmQ6DlRrC1hrSrBnCZPokRrDHjw=="
    },
    "undici-types@6.20.0": {
      "integrity": "sha512-Ny6QZ2Nju20vw1SRHe3d9jVu6gJ+4e3+MMpqu7pqE5HT6WsTSlce++GQmK5UXS8mzV8DSYHrQH+Xrf2jVcuKNg=="
    },
    "uuid@9.0.1": {
      "integrity": "sha512-b+1eJOlsR9K8HJpow9Ok3fiWOWSIcIzXodvv0rQjVoOVNpWMpxf1wZNpt4y9h10odCNrqnYp1OBzRktckBe3sA=="
    },
    "which@2.0.2": {
      "integrity": "sha512-BLI3Tl1TW3Pvl70l3yq3Y64i+awpwXqsGBYWkkqMtnbXgrMD+yj7rhW0kuEDxzJaYXGjEW5ogapKNMEKNMjibA==",
      "dependencies": [
        "isexe"
      ]
    },
    "wrap-ansi@7.0.0": {
      "integrity": "sha512-YVGIj2kamLSTxw6NsZjoBxfSwsn0ycdesmc4p+Q21c5zPuZ1pl+NfxVdxPtdHvmNVOQ6XSYG4AUtyt/Fi7D16Q==",
      "dependencies": [
        "ansi-styles",
        "string-width",
        "strip-ansi"
      ]
    },
    "ws@8.17.1": {
      "integrity": "sha512-6XQFvXTkbfUOZOKKILFG1PDK2NDQs4azKQl26T0YS5CxqWLgXajbPZ+h4gZekJyRqFU8pvnbAbbs/3TgRPy+GQ=="
    },
    "ws@8.18.0": {
      "integrity": "sha512-8VbfWfHLbbwu3+N6OKsOMpBdT4kXPDDB9cJk2bJ6mh9ucxdlnNvH1e+roYkKmN9Nxw2yjz7VzeO9oOz2zJ04Pw=="
    },
    "xmlhttprequest-ssl@2.0.0": {
      "integrity": "sha512-QKxVRxiRACQcVuQEYFsI1hhkrMlrXHPegbbd1yn9UHOmRxY+si12nQYzri3vbzt8VdTTRviqcKxcyllFas5z2A=="
    },
    "y18n@5.0.8": {
      "integrity": "sha512-0pfFzegeDWJHJIAmTLRP2DwHjdF5s7jo9tuztdQxAhINCdvS+3nGINqPd00AphqJR/0LhANUS6/+7SCb98YOfA=="
    },
    "yargs-parser@21.1.1": {
      "integrity": "sha512-tVpsJW7DdjecAiFpbIB1e3qxIQsE6NoPc5/eTdrbbIC4h0LVsWhnoa3g+m2HclBIujHzsxZ4VJVA+GUuc2/LBw=="
    },
    "yargs@17.7.2": {
      "integrity": "sha512-7dSzzRQ++CKnNI/krKnYRV7JKKPUXMEh61soaHKg9mrWEhzFWhFnxPxGl+69cD1Ou63C13NUPCnmIcrvqCuM6w==",
      "dependencies": [
        "cliui",
        "escalade",
        "get-caller-file",
        "require-directory",
        "string-width",
        "y18n",
        "yargs-parser"
      ]
    },
    "zod-error@1.5.0": {
      "integrity": "sha512-zzopKZ/skI9iXpqCEPj+iLCKl9b88E43ehcU+sbRoHuwGd9F1IDVGQ70TyO6kmfiRL1g4IXkjsXK+g1gLYl4WQ==",
      "dependencies": [
        "zod@3.24.2"
      ]
    },
    "zod-validation-error@1.5.0_zod@3.23.8": {
      "integrity": "sha512-/7eFkAI4qV0tcxMBB/3+d2c1P6jzzZYdYSlBuAklzMuCrJu5bzJfHS0yVAS87dRHVlhftd6RFJDIvv03JgkSbw==",
      "dependencies": [
        "zod@3.23.8"
      ]
    },
    "zod@3.23.8": {
      "integrity": "sha512-XBx9AXhXktjUqnepgTiE5flcKIYWi/rme0Eaj+5Y0lftuGBq+jyRu/md4WnuxqgP1ubdpNCsYEYPxrzVHD8d6g=="
    },
    "zod@3.24.2": {
      "integrity": "sha512-lY7CDW43ECgW9u1TcT3IoXHflywfVqDYze4waEz812jR/bZ8FHDsl7pFQoSZTz5N+2NqRXs8GBwnAwo3ZNxqhQ=="
    }
  },
  "workspace": {
    "dependencies": [
      "jsr:@std/assert@1",
      "jsr:@std/cli@^1.0.12",
      "npm:@trigger.dev/sdk@^3.3.16",
      "npm:commander@^13.1.0"
    ]
  }
}
